
Microsoft Visual Studio Solution File, Format Version 12.00
# Visual Studio Version 17
VisualStudioVersion = 17.11.35327.3
MinimumVisualStudioVersion = 10.0.40219.1
Project("{FAE04EC0-301F-11D3-BF4B-00C04F79EFBC}") = "Dental", "Dental\Dental.csproj", "{753E2DA5-78AD-46FC-8F8A-6B4DA6DF5650}"
EndProject
Global
	GlobalSection(SolutionConfigurationPlatforms) = preSolution
		Debug|Any CPU = Debug|Any CPU
		Release|Any CPU = Release|Any CPU
	EndGlobalSection
	GlobalSection(ProjectConfigurationPlatforms) = postSolution
		{753E2DA5-78AD-46FC-8F8A-6B4DA6DF5650}.Debug|Any CPU.ActiveCfg = Debug|Any CPU
		{753E2DA5-78AD-46FC-8F8A-6B4DA6DF5650}.Debug|Any CPU.Build.0 = Debug|Any CPU
		{753E2DA5-78AD-46FC-8F8A-6B4DA6DF5650}.Release|Any CPU.ActiveCfg = Release|Any CPU
		{753E2DA5-78AD-46FC-8F8A-6B4DA6DF5650}.Release|Any CPU.Build.0 = Release|Any CPU
	EndGlobalSection
	GlobalSection(SolutionProperties) = preSolution
		HideSolutionNode = FALSE
	EndGlobalSection
	GlobalSection(ExtensibilityGlobals) = postSolution
		SolutionGuid = {246067E7-69C5-4C35-A0E7-E038B213BEDA}
	EndGlobalSection
EndGlobal
